// !$*UTF8*$!
{
	archiveVersion = 1;
	classes = {
	};
	objectVersion = 50;
	objects = {

/* Begin PBXBuildFile section */
		1AE3426324B241A700096197 /* AppDelegate.swift in Sources */ = {isa = PBXBuildFile; fileRef = 1AE3426224B241A700096197 /* AppDelegate.swift */; };
		1AE3426524B241A700096197 /* SceneDelegate.swift in Sources */ = {isa = PBXBuildFile; fileRef = 1AE3426424B241A700096197 /* SceneDelegate.swift */; };
		1AE3426724B241A700096197 /* SetGameView.swift in Sources */ = {isa = PBXBuildFile; fileRef = 1AE3426624B241A700096197 /* SetGameView.swift */; };
		1AE3426924B241A800096197 /* Assets.xcassets in Resources */ = {isa = PBXBuildFile; fileRef = 1AE3426824B241A800096197 /* Assets.xcassets */; };
		1AE3426C24B241A800096197 /* Preview Assets.xcassets in Resources */ = {isa = PBXBuildFile; fileRef = 1AE3426B24B241A800096197 /* Preview Assets.xcassets */; };
		1AE3426F24B241A800096197 /* LaunchScreen.storyboard in Resources */ = {isa = PBXBuildFile; fileRef = 1AE3426D24B241A800096197 /* LaunchScreen.storyboard */; };
		1AE3427724B245B100096197 /* SetGameModel.swift in Sources */ = {isa = PBXBuildFile; fileRef = 1AE3427624B245B100096197 /* SetGameModel.swift */; };
		1AE3427924B25B3800096197 /* SetGameViewModel.swift in Sources */ = {isa = PBXBuildFile; fileRef = 1AE3427824B25B3800096197 /* SetGameViewModel.swift */; };
		1AE3427C24B3437B00096197 /* GridLayout.swift in Sources */ = {isa = PBXBuildFile; fileRef = 1AE3427A24B3437B00096197 /* GridLayout.swift */; };
		1AE3427D24B3437B00096197 /* Grid.swift in Sources */ = {isa = PBXBuildFile; fileRef = 1AE3427B24B3437B00096197 /* Grid.swift */; };
		1AE3428124B34CE700096197 /* Array+Identifiable.swift in Sources */ = {isa = PBXBuildFile; fileRef = 1AE3428024B34CE700096197 /* Array+Identifiable.swift */; };
		1AE3428524B39CDC00096197 /* Diamond.swift in Sources */ = {isa = PBXBuildFile; fileRef = 1AE3428424B39CDC00096197 /* Diamond.swift */; };
		1AE3428724B4E7A500096197 /* CardView.swift in Sources */ = {isa = PBXBuildFile; fileRef = 1AE3428624B4E7A500096197 /* CardView.swift */; };
		1AE3428924B4EF4D00096197 /* AnyShape.swift in Sources */ = {isa = PBXBuildFile; fileRef = 1AE3428824B4EF4D00096197 /* AnyShape.swift */; };
/* End PBXBuildFile section */

/* Begin PBXFileReference section */
		1AE3425F24B241A700096197 /* Set Game.app */ = {isa = PBXFileReference; explicitFileType = wrapper.application; includeInIndex = 0; path = "Set Game.app"; sourceTree = BUILT_PRODUCTS_DIR; };
		1AE3426224B241A700096197 /* AppDelegate.swift */ = {isa = PBXFileReference; lastKnownFileType = sourcecode.swift; path = AppDelegate.swift; sourceTree = "<group>"; };
		1AE3426424B241A700096197 /* SceneDelegate.swift */ = {isa = PBXFileReference; lastKnownFileType = sourcecode.swift; path = SceneDelegate.swift; sourceTree = "<group>"; };
		1AE3426624B241A700096197 /* SetGameView.swift */ = {isa = PBXFileReference; lastKnownFileType = sourcecode.swift; path = SetGameView.swift; sourceTree = "<group>"; };
		1AE3426824B241A800096197 /* Assets.xcassets */ = {isa = PBXFileReference; lastKnownFileType = folder.assetcatalog; path = Assets.xcassets; sourceTree = "<group>"; };
		1AE3426B24B241A800096197 /* Preview Assets.xcassets */ = {isa = PBXFileReference; lastKnownFileType = folder.assetcatalog; path = "Preview Assets.xcassets"; sourceTree = "<group>"; };
		1AE3426E24B241A800096197 /* Base */ = {isa = PBXFileReference; lastKnownFileType = file.storyboard; name = Base; path = Base.lproj/LaunchScreen.storyboard; sourceTree = "<group>"; };
		1AE3427024B241A800096197 /* Info.plist */ = {isa = PBXFileReference; lastKnownFileType = text.plist.xml; path = Info.plist; sourceTree = "<group>"; };
		1AE3427624B245B100096197 /* SetGameModel.swift */ = {isa = PBXFileReference; lastKnownFileType = sourcecode.swift; path = SetGameModel.swift; sourceTree = "<group>"; };
		1AE3427824B25B3800096197 /* SetGameViewModel.swift */ = {isa = PBXFileReference; lastKnownFileType = sourcecode.swift; path = SetGameViewModel.swift; sourceTree = "<group>"; };
		1AE3427A24B3437B00096197 /* GridLayout.swift */ = {isa = PBXFileReference; fileEncoding = 4; lastKnownFileType = sourcecode.swift; path = GridLayout.swift; sourceTree = "<group>"; };
		1AE3427B24B3437B00096197 /* Grid.swift */ = {isa = PBXFileReference; fileEncoding = 4; lastKnownFileType = sourcecode.swift; path = Grid.swift; sourceTree = "<group>"; };
		1AE3428024B34CE700096197 /* Array+Identifiable.swift */ = {isa = PBXFileReference; fileEncoding = 4; lastKnownFileType = sourcecode.swift; path = "Array+Identifiable.swift"; sourceTree = "<group>"; };
		1AE3428424B39CDC00096197 /* Diamond.swift */ = {isa = PBXFileReference; lastKnownFileType = sourcecode.swift; path = Diamond.swift; sourceTree = "<group>"; };
		1AE3428624B4E7A500096197 /* CardView.swift */ = {isa = PBXFileReference; lastKnownFileType = sourcecode.swift; path = CardView.swift; sourceTree = "<group>"; };
		1AE3428824B4EF4D00096197 /* AnyShape.swift */ = {isa = PBXFileReference; lastKnownFileType = sourcecode.swift; path = AnyShape.swift; sourceTree = "<group>"; };
/* End PBXFileReference section */

/* Begin PBXFrameworksBuildPhase section */
		1AE3425C24B241A700096197 /* Frameworks */ = {
			isa = PBXFrameworksBuildPhase;
			buildActionMask = 2147483647;
			files = (
			);
			runOnlyForDeploymentPostprocessing = 0;
		};
/* End PBXFrameworksBuildPhase section */

/* Begin PBXGroup section */
		1AE3425624B241A700096197 = {
			isa = PBXGroup;
			children = (
				1AE3426124B241A700096197 /* Set Game */,
				1AE3426024B241A700096197 /* Products */,
			);
			sourceTree = "<group>";
		};
		1AE3426024B241A700096197 /* Products */ = {
			isa = PBXGroup;
			children = (
				1AE3425F24B241A700096197 /* Set Game.app */,
			);
			name = Products;
			sourceTree = "<group>";
		};
		1AE3426124B241A700096197 /* Set Game */ = {
			isa = PBXGroup;
			children = (
				1AE3428324B39CA700096197 /* Grid */,
				1AE3428224B39C9C00096197 /* Views */,
				1AE3427624B245B100096197 /* SetGameModel.swift */,
				1AE3427824B25B3800096197 /* SetGameViewModel.swift */,
				1AE3428024B34CE700096197 /* Array+Identifiable.swift */,
				1AE3426224B241A700096197 /* AppDelegate.swift */,
				1AE3426424B241A700096197 /* SceneDelegate.swift */,
				1AE3426824B241A800096197 /* Assets.xcassets */,
				1AE3426D24B241A800096197 /* LaunchScreen.storyboard */,
				1AE3427024B241A800096197 /* Info.plist */,
				1AE3426A24B241A800096197 /* Preview Content */,
			);
			path = "Set Game";
			sourceTree = "<group>";
		};
		1AE3426A24B241A800096197 /* Preview Content */ = {
			isa = PBXGroup;
			children = (
				1AE3426B24B241A800096197 /* Preview Assets.xcassets */,
			);
			path = "Preview Content";
			sourceTree = "<group>";
		};
		1AE3428224B39C9C00096197 /* Views */ = {
			isa = PBXGroup;
			children = (
				1AE3426624B241A700096197 /* SetGameView.swift */,
				1AE3428624B4E7A500096197 /* CardView.swift */,
				1AE3428824B4EF4D00096197 /* AnyShape.swift */,
				1AE3428424B39CDC00096197 /* Diamond.swift */,
			);
			path = Views;
			sourceTree = "<group>";
		};
		1AE3428324B39CA700096197 /* Grid */ = {
			isa = PBXGroup;
			children = (
				1AE3427B24B3437B00096197 /* Grid.swift */,
				1AE3427A24B3437B00096197 /* GridLayout.swift */,
			);
			path = Grid;
			sourceTree = "<group>";
		};
/* End PBXGroup section */

/* Begin PBXNativeTarget section */
		1AE3425E24B241A700096197 /* Set Game */ = {
			isa = PBXNativeTarget;
			buildConfigurationList = 1AE3427324B241A800096197 /* Build configuration list for PBXNativeTarget "Set Game" */;
			buildPhases = (
				1AE3425B24B241A700096197 /* Sources */,
				1AE3425C24B241A700096197 /* Frameworks */,
				1AE3425D24B241A700096197 /* Resources */,
			);
			buildRules = (
			);
			dependencies = (
			);
			name = "Set Game";
			productName = "Set Game";
			productReference = 1AE3425F24B241A700096197 /* Set Game.app */;
			productType = "com.apple.product-type.application";
		};
/* End PBXNativeTarget section */

/* Begin PBXProject section */
		1AE3425724B241A700096197 /* Project object */ = {
			isa = PBXProject;
			attributes = {
				LastSwiftUpdateCheck = 1150;
				LastUpgradeCheck = 1150;
				ORGANIZATIONNAME = jamesbyrne;
				TargetAttributes = {
					1AE3425E24B241A700096197 = {
						CreatedOnToolsVersion = 11.5;
					};
				};
			};
			buildConfigurationList = 1AE3425A24B241A700096197 /* Build configuration list for PBXProject "Set Game" */;
			compatibilityVersion = "Xcode 9.3";
			developmentRegion = en;
			hasScannedForEncodings = 0;
			knownRegions = (
				en,
				Base,
			);
			mainGroup = 1AE3425624B241A700096197;
			productRefGroup = 1AE3426024B241A700096197 /* Products */;
			projectDirPath = "";
			projectRoot = "";
			targets = (
				1AE3425E24B241A700096197 /* Set Game */,
			);
		};
/* End PBXProject section */

/* Begin PBXResourcesBuildPhase section */
		1AE3425D24B241A700096197 /* Resources */ = {
			isa = PBXResourcesBuildPhase;
			buildActionMask = 2147483647;
			files = (
				1AE3426F24B241A800096197 /* LaunchScreen.storyboard in Resources */,
				1AE3426C24B241A800096197 /* Preview Assets.xcassets in Resources */,
				1AE3426924B241A800096197 /* Assets.xcassets in Resources */,
			);
			runOnlyForDeploymentPostprocessing = 0;
		};
/* End PBXResourcesBuildPhase section */

/* Begin PBXSourcesBuildPhase section */
		1AE3425B24B241A700096197 /* Sources */ = {
			isa = PBXSourcesBuildPhase;
			buildActionMask = 2147483647;
			files = (
				1AE3426324B241A700096197 /* AppDelegate.swift in Sources */,
				1AE3426524B241A700096197 /* SceneDelegate.swift in Sources */,
				1AE3427724B245B100096197 /* SetGameModel.swift in Sources */,
				1AE3427C24B3437B00096197 /* GridLayout.swift in Sources */,
				1AE3426724B241A700096197 /* SetGameView.swift in Sources */,
				1AE3428724B4E7A500096197 /* CardView.swift in Sources */,
				1AE3428124B34CE700096197 /* Array+Identifiable.swift in Sources */,
				1AE3428524B39CDC00096197 /* Diamond.swift in Sources */,
				1AE3427D24B3437B00096197 /* Grid.swift in Sources */,
				1AE3427924B25B3800096197 /* SetGameViewModel.swift in Sources */,
				1AE3428924B4EF4D00096197 /* AnyShape.swift in Sources */,
			);
			runOnlyForDeploymentPostprocessing = 0;
		};
/* End PBXSourcesBuildPhase section */

/* Begin PBXVariantGroup section */
		1AE3426D24B241A800096197 /* LaunchScreen.storyboard */ = {
			isa = PBXVariantGroup;
			children = (
				1AE3426E24B241A800096197 /* Base */,
			);
			name = LaunchScreen.storyboard;
			sourceTree = "<group>";
		};
/* End PBXVariantGroup section */

/* Begin XCBuildConfiguration section */
		1AE3427124B241A800096197 /* Debug */ = {
			isa = XCBuildConfiguration;
			buildSettings = {
				ALWAYS_SEARCH_USER_PATHS = NO;
				CLANG_ANALYZER_NONNULL = YES;
				CLANG_ANALYZER_NUMBER_OBJECT_CONVERSION = YES_AGGRESSIVE;
				CLANG_CXX_LANGUAGE_STANDARD = "gnu++14";
				CLANG_CXX_LIBRARY = "libc++";
				CLANG_ENABLE_MODULES = YES;
				CLANG_ENABLE_OBJC_ARC = YES;
				CLANG_ENABLE_OBJC_WEAK = YES;
				CLANG_WARN_BLOCK_CAPTURE_AUTORELEASING = YES;
				CLANG_WARN_BOOL_CONVERSION = YES;
				CLANG_WARN_COMMA = YES;
				CLANG_WARN_CONSTANT_CONVERSION = YES;
				CLANG_WARN_DEPRECATED_OBJC_IMPLEMENTATIONS = YES;
				CLANG_WARN_DIRECT_OBJC_ISA_USAGE = YES_ERROR;
				CLANG_WARN_DOCUMENTATION_COMMENTS = YES;
				CLANG_WARN_EMPTY_BODY = YES;
				CLANG_WARN_ENUM_CONVERSION = YES;
				CLANG_WARN_INFINITE_RECURSION = YES;
				CLANG_WARN_INT_CONVERSION = YES;
				CLANG_WARN_NON_LITERAL_NULL_CONVERSION = YES;
				CLANG_WARN_OBJC_IMPLICIT_RETAIN_SELF = YES;
				CLANG_WARN_OBJC_LITERAL_CONVERSION = YES;
				CLANG_WARN_OBJC_ROOT_CLASS = YES_ERROR;
				CLANG_WARN_RANGE_LOOP_ANALYSIS = YES;
				CLANG_WARN_STRICT_PROTOTYPES = YES;
				CLANG_WARN_SUSPICIOUS_MOVE = YES;
				CLANG_WARN_UNGUARDED_AVAILABILITY = YES_AGGRESSIVE;
				CLANG_WARN_UNREACHABLE_CODE = YES;
				CLANG_WARN__DUPLICATE_METHOD_MATCH = YES;
				COPY_PHASE_STRIP = NO;
				DEBUG_INFORMATION_FORMAT = dwarf;
				ENABLE_STRICT_OBJC_MSGSEND = YES;
				ENABLE_TESTABILITY = YES;
				GCC_C_LANGUAGE_STANDARD = gnu11;
				GCC_DYNAMIC_NO_PIC = NO;
				GCC_NO_COMMON_BLOCKS = YES;
				GCC_OPTIMIZATION_LEVEL = 0;
				GCC_PREPROCESSOR_DEFINITIONS = (
					"DEBUG=1",
					"$(inherited)",
				);
				GCC_WARN_64_TO_32_BIT_CONVERSION = YES;
				GCC_WARN_ABOUT_RETURN_TYPE = YES_ERROR;
				GCC_WARN_UNDECLARED_SELECTOR = YES;
				GCC_WARN_UNINITIALIZED_AUTOS = YES_AGGRESSIVE;
				GCC_WARN_UNUSED_FUNCTION = YES;
				GCC_WARN_UNUSED_VARIABLE = YES;
				IPHONEOS_DEPLOYMENT_TARGET = 13.5;
				MTL_ENABLE_DEBUG_INFO = INCLUDE_SOURCE;
				MTL_FAST_MATH = YES;
				ONLY_ACTIVE_ARCH = YES;
				SDKROOT = iphoneos;
				SWIFT_ACTIVE_COMPILATION_CONDITIONS = DEBUG;
				SWIFT_OPTIMIZATION_LEVEL = "-Onone";
			};
			name = Debug;
		};
		1AE3427224B241A800096197 /* Release */ = {
			isa = XCBuildConfiguration;
			buildSettings = {
				ALWAYS_SEARCH_USER_PATHS = NO;
				CLANG_ANALYZER_NONNULL = YES;
				CLANG_ANALYZER_NUMBER_OBJECT_CONVERSION = YES_AGGRESSIVE;
				CLANG_CXX_LANGUAGE_STANDARD = "gnu++14";
				CLANG_CXX_LIBRARY = "libc++";
				CLANG_ENABLE_MODULES = YES;
				CLANG_ENABLE_OBJC_ARC = YES;
				CLANG_ENABLE_OBJC_WEAK = YES;
				CLANG_WARN_BLOCK_CAPTURE_AUTORELEASING = YES;
				CLANG_WARN_BOOL_CONVERSION = YES;
				CLANG_WARN_COMMA = YES;
				CLANG_WARN_CONSTANT_CONVERSION = YES;
				CLANG_WARN_DEPRECATED_OBJC_IMPLEMENTATIONS = YES;
				CLANG_WARN_DIRECT_OBJC_ISA_USAGE = YES_ERROR;
				CLANG_WARN_DOCUMENTATION_COMMENTS = YES;
				CLANG_WARN_EMPTY_BODY = YES;
				CLANG_WARN_ENUM_CONVERSION = YES;
				CLANG_WARN_INFINITE_RECURSION = YES;
				CLANG_WARN_INT_CONVERSION = YES;
				CLANG_WARN_NON_LITERAL_NULL_CONVERSION = YES;
				CLANG_WARN_OBJC_IMPLICIT_RETAIN_SELF = YES;
				CLANG_WARN_OBJC_LITERAL_CONVERSION = YES;
				CLANG_WARN_OBJC_ROOT_CLASS = YES_ERROR;
				CLANG_WARN_RANGE_LOOP_ANALYSIS = YES;
				CLANG_WARN_STRICT_PROTOTYPES = YES;
				CLANG_WARN_SUSPICIOUS_MOVE = YES;
				CLANG_WARN_UNGUARDED_AVAILABILITY = YES_AGGRESSIVE;
				CLANG_WARN_UNREACHABLE_CODE = YES;
				CLANG_WARN__DUPLICATE_METHOD_MATCH = YES;
				COPY_PHASE_STRIP = NO;
				DEBUG_INFORMATION_FORMAT = "dwarf-with-dsym";
				ENABLE_NS_ASSERTIONS = NO;
				ENABLE_STRICT_OBJC_MSGSEND = YES;
				GCC_C_LANGUAGE_STANDARD = gnu11;
				GCC_NO_COMMON_BLOCKS = YES;
				GCC_WARN_64_TO_32_BIT_CONVERSION = YES;
				GCC_WARN_ABOUT_RETURN_TYPE = YES_ERROR;
				GCC_WARN_UNDECLARED_SELECTOR = YES;
				GCC_WARN_UNINITIALIZED_AUTOS = YES_AGGRESSIVE;
				GCC_WARN_UNUSED_FUNCTION = YES;
				GCC_WARN_UNUSED_VARIABLE = YES;
				IPHONEOS_DEPLOYMENT_TARGET = 13.5;
				MTL_ENABLE_DEBUG_INFO = NO;
				MTL_FAST_MATH = YES;
				SDKROOT = iphoneos;
				SWIFT_COMPILATION_MODE = wholemodule;
				SWIFT_OPTIMIZATION_LEVEL = "-O";
				VALIDATE_PRODUCT = YES;
			};
			name = Release;
		};
		1AE3427424B241A800096197 /* Debug */ = {
			isa = XCBuildConfiguration;
			buildSettings = {
				ASSETCATALOG_COMPILER_APPICON_NAME = AppIcon;
				CODE_SIGN_STYLE = Automatic;
				DEVELOPMENT_ASSET_PATHS = "\"Set Game/Preview Content\"";
				DEVELOPMENT_TEAM = 9F25A58686;
				ENABLE_PREVIEWS = YES;
				INFOPLIST_FILE = "Set Game/Info.plist";
				LD_RUNPATH_SEARCH_PATHS = (
					"$(inherited)",
					"@executable_path/Frameworks",
				);
				PRODUCT_BUNDLE_IDENTIFIER = "com.gmail-jamesbyrne113.Set-Game";
				PRODUCT_NAME = "$(TARGET_NAME)";
				SWIFT_VERSION = 5.0;
				TARGETED_DEVICE_FAMILY = "1,2";
			};
			name = Debug;
		};
		1AE3427524B241A800096197 /* Release */ = {
			isa = XCBuildConfiguration;
			buildSettings = {
				ASSETCATALOG_COMPILER_APPICON_NAME = AppIcon;
				CODE_SIGN_STYLE = Automatic;
				DEVELOPMENT_ASSET_PATHS = "\"Set Game/Preview Content\"";
				DEVELOPMENT_TEAM = 9F25A58686;
				ENABLE_PREVIEWS = YES;
				INFOPLIST_FILE = "Set Game/Info.plist";
				LD_RUNPATH_SEARCH_PATHS = (
					"$(inherited)",
					"@executable_path/Frameworks",
				);
				PRODUCT_BUNDLE_IDENTIFIER = "com.gmail-jamesbyrne113.Set-Game";
				PRODUCT_NAME = "$(TARGET_NAME)";
				SWIFT_VERSION = 5.0;
				TARGETED_DEVICE_FAMILY = "1,2";
			};
			name = Release;
		};
/* End XCBuildConfiguration section */

/* Begin XCConfigurationList section */
		1AE3425A24B241A700096197 /* Build configuration list for PBXProject "Set Game" */ = {
			isa = XCConfigurationList;
			buildConfigurations = (
				1AE3427124B241A800096197 /* Debug */,
				1AE3427224B241A800096197 /* Release */,
			);
			defaultConfigurationIsVisible = 0;
			defaultConfigurationName = Release;
		};
		1AE3427324B241A800096197 /* Build configuration list for PBXNativeTarget "Set Game" */ = {
			isa = XCConfigurationList;
			buildConfigurations = (
				1AE3427424B241A800096197 /* Debug */,
				1AE3427524B241A800096197 /* Release */,
			);
			defaultConfigurationIsVisible = 0;
			defaultConfigurationName = Release;
		};
/* End XCConfigurationList section */
	};
	rootObject = 1AE3425724B241A700096197 /* Project object */;
}
